PODS:
  - HWPanModal (0.2.8.1):
    - KVOController
  - KVOController (1.2.0)
  - Masonry (1.1.0)

DEPENDENCIES:
  - HWPanModal (from `../`)
  - Masonry

SPEC REPOS:
  https://github.com/cocoapods/specs.git:
    - KVOController
    - Masonry

EXTERNAL SOURCES:
  HWPanModal:
    :path: "../"

SPEC CHECKSUMS:
  HWPanModal: 4c707144470a0ac0a8ae02bf5ee2a37eb80796df
  KVOController: d72ace34afea42468329623b3379ab3cd1d286b6
  Masonry: 678fab65091a9290e40e2832a55e7ab731aad201

PODFILE CHECKSUM: 8529ab6b72724aab087befdc04d830b0eea470b9

COCOAPODS: 1.6.1
