PODS:
  - HWPanModal (0.6.7)
  - Masonry (1.1.0)
  - MJRefresh (3.3.1)
  - SnapKit (5.0.1)

DEPENDENCIES:
  - HWPanModal (from `./`)
  - Masonry
  - MJRefresh
  - SnapKit (~> 5.0.0)

SPEC REPOS:
  trunk:
    - Masonry
    - MJRefresh
    - SnapKit

EXTERNAL SOURCES:
  HWPanModal:
    :path: "./"

SPEC CHECKSUMS:
  HWPanModal: 8ce3489c30e2268dafc50acdcde50d34f75f35aa
  Masonry: 678fab65091a9290e40e2832a55e7ab731aad201
  MJRefresh: eeda70fbf0ad277f3178cef1cd0c3532591d6237
  SnapKit: 97b92857e3df3a0c71833cce143274bf6ef8e5eb

PODFILE CHECKSUM: 24ff80068f561fbc26d2f805a824157293a67886

COCOAPODS: 1.8.4
