// !$*UTF8*$!
{
	archiveVersion = 1;
	classes = {
	};
	objectVersion = 46;
	objects = {

/* Begin PBXBuildFile section */
		6003F58E195388D20070C39A /* Foundation.framework in Frameworks */ = {isa = PBXBuildFile; fileRef = 6003F58D195388D20070C39A /* Foundation.framework */; };
		6003F590195388D20070C39A /* CoreGraphics.framework in Frameworks */ = {isa = PBXBuildFile; fileRef = 6003F58F195388D20070C39A /* CoreGraphics.framework */; };
		6003F592195388D20070C39A /* UIKit.framework in Frameworks */ = {isa = PBXBuildFile; fileRef = 6003F591195388D20070C39A /* UIKit.framework */; };
		6003F598195388D20070C39A /* InfoPlist.strings in Resources */ = {isa = PBXBuildFile; fileRef = 6003F596195388D20070C39A /* InfoPlist.strings */; };
		6003F59A195388D20070C39A /* main.m in Sources */ = {isa = PBXBuildFile; fileRef = 6003F599195388D20070C39A /* main.m */; };
		6003F59E195388D20070C39A /* HWAppDelegate.m in Sources */ = {isa = PBXBuildFile; fileRef = 6003F59D195388D20070C39A /* HWAppDelegate.m */; };
		6003F5A7195388D20070C39A /* HWViewController.m in Sources */ = {isa = PBXBuildFile; fileRef = 6003F5A6195388D20070C39A /* HWViewController.m */; };
		6003F5A9195388D20070C39A /* Images.xcassets in Resources */ = {isa = PBXBuildFile; fileRef = 6003F5A8195388D20070C39A /* Images.xcassets */; };
		6003F5B0195388D20070C39A /* XCTest.framework in Frameworks */ = {isa = PBXBuildFile; fileRef = 6003F5AF195388D20070C39A /* XCTest.framework */; };
		6003F5B1195388D20070C39A /* Foundation.framework in Frameworks */ = {isa = PBXBuildFile; fileRef = 6003F58D195388D20070C39A /* Foundation.framework */; };
		6003F5B2195388D20070C39A /* UIKit.framework in Frameworks */ = {isa = PBXBuildFile; fileRef = 6003F591195388D20070C39A /* UIKit.framework */; };
		6003F5BA195388D20070C39A /* InfoPlist.strings in Resources */ = {isa = PBXBuildFile; fileRef = 6003F5B8195388D20070C39A /* InfoPlist.strings */; };
		6003F5BC195388D20070C39A /* Tests.m in Sources */ = {isa = PBXBuildFile; fileRef = 6003F5BB195388D20070C39A /* Tests.m */; };
		71719F9F1E33DC2100824A3D /* LaunchScreen.storyboard in Resources */ = {isa = PBXBuildFile; fileRef = 71719F9D1E33DC2100824A3D /* LaunchScreen.storyboard */; };
		7E63BBC0394068D5944AA619 /* Pods_HWPanModal_Example.framework in Frameworks */ = {isa = PBXBuildFile; fileRef = A582E67BDFE79DED5D3EEA42 /* Pods_HWPanModal_Example.framework */; };
		7E7A62A2227FD62400F12F8C /* HWDemoTypeModel.m in Sources */ = {isa = PBXBuildFile; fileRef = 7E7A62A1227FD62400F12F8C /* HWDemoTypeModel.m */; };
		7E7A62A6228007BE00F12F8C /* HWAlertViewController.m in Sources */ = {isa = PBXBuildFile; fileRef = 7E7A62A5228007BE00F12F8C /* HWAlertViewController.m */; };
		7E7A62A92280080800F12F8C /* HWTransientAlertViewController.m in Sources */ = {isa = PBXBuildFile; fileRef = 7E7A62A82280080800F12F8C /* HWTransientAlertViewController.m */; };
		7E7A62AC2280089500F12F8C /* HWAlertView.m in Sources */ = {isa = PBXBuildFile; fileRef = 7E7A62AB2280089500F12F8C /* HWAlertView.m */; };
		7E7A62B022803DBB00F12F8C /* HWStackedGroupViewController.m in Sources */ = {isa = PBXBuildFile; fileRef = 7E7A62AF22803DBB00F12F8C /* HWStackedGroupViewController.m */; };
		7E7A62B322804C2D00F12F8C /* HWColorDetailViewController.m in Sources */ = {isa = PBXBuildFile; fileRef = 7E7A62B222804C2D00F12F8C /* HWColorDetailViewController.m */; };
		7E7A62B72280503A00F12F8C /* HWUserGroupViewController.m in Sources */ = {isa = PBXBuildFile; fileRef = 7E7A62B62280503A00F12F8C /* HWUserGroupViewController.m */; };
		7E7A62BA2280505B00F12F8C /* HWNavViewController.m in Sources */ = {isa = PBXBuildFile; fileRef = 7E7A62B92280505B00F12F8C /* HWNavViewController.m */; };
		7EDE0B5922894244001E7580 /* HWFullScreenNavController.m in Sources */ = {isa = PBXBuildFile; fileRef = 7EDE0B5822894243001E7580 /* HWFullScreenNavController.m */; };
		7EF8D54D227ECAA70093F1B3 /* HWBaseViewController.m in Sources */ = {isa = PBXBuildFile; fileRef = 7EF8D546227ECAA70093F1B3 /* HWBaseViewController.m */; };
		7EF8D54E227ECAA70093F1B3 /* HWColorCell.m in Sources */ = {isa = PBXBuildFile; fileRef = 7EF8D549227ECAA70093F1B3 /* HWColorCell.m */; };
		7EF8D54F227ECAA70093F1B3 /* HWGroupViewController.m in Sources */ = {isa = PBXBuildFile; fileRef = 7EF8D54C227ECAA70093F1B3 /* HWGroupViewController.m */; };
		873B8AEB1B1F5CCA007FD442 /* Main.storyboard in Resources */ = {isa = PBXBuildFile; fileRef = 873B8AEA1B1F5CCA007FD442 /* Main.storyboard */; };
		99F12257D88E310EED39DB32 /* Pods_HWPanModal_Tests.framework in Frameworks */ = {isa = PBXBuildFile; fileRef = 44203A5E0B1E07D70F8BE38D /* Pods_HWPanModal_Tests.framework */; };
/* End PBXBuildFile section */

/* Begin PBXContainerItemProxy section */
		6003F5B3195388D20070C39A /* PBXContainerItemProxy */ = {
			isa = PBXContainerItemProxy;
			containerPortal = 6003F582195388D10070C39A /* Project object */;
			proxyType = 1;
			remoteGlobalIDString = 6003F589195388D20070C39A;
			remoteInfo = HWPanModal;
		};
/* End PBXContainerItemProxy section */

/* Begin PBXFileReference section */
		2FE71736D8F603D51C5EADF7 /* Pods-HWPanModal_Example.debug.xcconfig */ = {isa = PBXFileReference; includeInIndex = 1; lastKnownFileType = text.xcconfig; name = "Pods-HWPanModal_Example.debug.xcconfig"; path = "Pods/Target Support Files/Pods-HWPanModal_Example/Pods-HWPanModal_Example.debug.xcconfig"; sourceTree = "<group>"; };
		44203A5E0B1E07D70F8BE38D /* Pods_HWPanModal_Tests.framework */ = {isa = PBXFileReference; explicitFileType = wrapper.framework; includeInIndex = 0; path = Pods_HWPanModal_Tests.framework; sourceTree = BUILT_PRODUCTS_DIR; };
		51D97FA214ED9F8BBEED0F29 /* HWPanModal.podspec */ = {isa = PBXFileReference; includeInIndex = 1; lastKnownFileType = text; name = HWPanModal.podspec; path = ../HWPanModal.podspec; sourceTree = "<group>"; xcLanguageSpecificationIdentifier = xcode.lang.ruby; };
		6003F58A195388D20070C39A /* HWPanModal_Example.app */ = {isa = PBXFileReference; explicitFileType = wrapper.application; includeInIndex = 0; path = HWPanModal_Example.app; sourceTree = BUILT_PRODUCTS_DIR; };
		6003F58D195388D20070C39A /* Foundation.framework */ = {isa = PBXFileReference; lastKnownFileType = wrapper.framework; name = Foundation.framework; path = System/Library/Frameworks/Foundation.framework; sourceTree = SDKROOT; };
		6003F58F195388D20070C39A /* CoreGraphics.framework */ = {isa = PBXFileReference; lastKnownFileType = wrapper.framework; name = CoreGraphics.framework; path = System/Library/Frameworks/CoreGraphics.framework; sourceTree = SDKROOT; };
		6003F591195388D20070C39A /* UIKit.framework */ = {isa = PBXFileReference; lastKnownFileType = wrapper.framework; name = UIKit.framework; path = System/Library/Frameworks/UIKit.framework; sourceTree = SDKROOT; };
		6003F595195388D20070C39A /* HWPanModal-Info.plist */ = {isa = PBXFileReference; lastKnownFileType = text.plist.xml; path = "HWPanModal-Info.plist"; sourceTree = "<group>"; };
		6003F597195388D20070C39A /* en */ = {isa = PBXFileReference; lastKnownFileType = text.plist.strings; name = en; path = en.lproj/InfoPlist.strings; sourceTree = "<group>"; };
		6003F599195388D20070C39A /* main.m */ = {isa = PBXFileReference; lastKnownFileType = sourcecode.c.objc; path = main.m; sourceTree = "<group>"; };
		6003F59B195388D20070C39A /* HWPanModal-Prefix.pch */ = {isa = PBXFileReference; lastKnownFileType = sourcecode.c.h; path = "HWPanModal-Prefix.pch"; sourceTree = "<group>"; };
		6003F59C195388D20070C39A /* HWAppDelegate.h */ = {isa = PBXFileReference; lastKnownFileType = sourcecode.c.h; path = HWAppDelegate.h; sourceTree = "<group>"; };
		6003F59D195388D20070C39A /* HWAppDelegate.m */ = {isa = PBXFileReference; lastKnownFileType = sourcecode.c.objc; path = HWAppDelegate.m; sourceTree = "<group>"; };
		6003F5A5195388D20070C39A /* HWViewController.h */ = {isa = PBXFileReference; lastKnownFileType = sourcecode.c.h; path = HWViewController.h; sourceTree = "<group>"; };
		6003F5A6195388D20070C39A /* HWViewController.m */ = {isa = PBXFileReference; lastKnownFileType = sourcecode.c.objc; path = HWViewController.m; sourceTree = "<group>"; };
		6003F5A8195388D20070C39A /* Images.xcassets */ = {isa = PBXFileReference; lastKnownFileType = folder.assetcatalog; path = Images.xcassets; sourceTree = "<group>"; };
		6003F5AE195388D20070C39A /* HWPanModal_Tests.xctest */ = {isa = PBXFileReference; explicitFileType = wrapper.cfbundle; includeInIndex = 0; path = HWPanModal_Tests.xctest; sourceTree = BUILT_PRODUCTS_DIR; };
		6003F5AF195388D20070C39A /* XCTest.framework */ = {isa = PBXFileReference; lastKnownFileType = wrapper.framework; name = XCTest.framework; path = Library/Frameworks/XCTest.framework; sourceTree = DEVELOPER_DIR; };
		6003F5B7195388D20070C39A /* Tests-Info.plist */ = {isa = PBXFileReference; lastKnownFileType = text.plist.xml; path = "Tests-Info.plist"; sourceTree = "<group>"; };
		6003F5B9195388D20070C39A /* en */ = {isa = PBXFileReference; lastKnownFileType = text.plist.strings; name = en; path = en.lproj/InfoPlist.strings; sourceTree = "<group>"; };
		6003F5BB195388D20070C39A /* Tests.m */ = {isa = PBXFileReference; lastKnownFileType = sourcecode.c.objc; path = Tests.m; sourceTree = "<group>"; };
		606FC2411953D9B200FFA9A0 /* Tests-Prefix.pch */ = {isa = PBXFileReference; lastKnownFileType = sourcecode.c.h; path = "Tests-Prefix.pch"; sourceTree = "<group>"; };
		6FF2112F2DB6E7E18F8EE103 /* Pods-HWPanModal_Tests.release.xcconfig */ = {isa = PBXFileReference; includeInIndex = 1; lastKnownFileType = text.xcconfig; name = "Pods-HWPanModal_Tests.release.xcconfig"; path = "Pods/Target Support Files/Pods-HWPanModal_Tests/Pods-HWPanModal_Tests.release.xcconfig"; sourceTree = "<group>"; };
		71719F9E1E33DC2100824A3D /* Base */ = {isa = PBXFileReference; lastKnownFileType = file.storyboard; name = Base; path = Base.lproj/LaunchScreen.storyboard; sourceTree = "<group>"; };
		7E7A62A0227FD62400F12F8C /* HWDemoTypeModel.h */ = {isa = PBXFileReference; lastKnownFileType = sourcecode.c.h; path = HWDemoTypeModel.h; sourceTree = "<group>"; };
		7E7A62A1227FD62400F12F8C /* HWDemoTypeModel.m */ = {isa = PBXFileReference; lastKnownFileType = sourcecode.c.objc; path = HWDemoTypeModel.m; sourceTree = "<group>"; };
		7E7A62A4228007BE00F12F8C /* HWAlertViewController.h */ = {isa = PBXFileReference; lastKnownFileType = sourcecode.c.h; path = HWAlertViewController.h; sourceTree = "<group>"; };
		7E7A62A5228007BE00F12F8C /* HWAlertViewController.m */ = {isa = PBXFileReference; lastKnownFileType = sourcecode.c.objc; path = HWAlertViewController.m; sourceTree = "<group>"; };
		7E7A62A72280080800F12F8C /* HWTransientAlertViewController.h */ = {isa = PBXFileReference; lastKnownFileType = sourcecode.c.h; path = HWTransientAlertViewController.h; sourceTree = "<group>"; };
		7E7A62A82280080800F12F8C /* HWTransientAlertViewController.m */ = {isa = PBXFileReference; lastKnownFileType = sourcecode.c.objc; path = HWTransientAlertViewController.m; sourceTree = "<group>"; };
		7E7A62AA2280089500F12F8C /* HWAlertView.h */ = {isa = PBXFileReference; lastKnownFileType = sourcecode.c.h; path = HWAlertView.h; sourceTree = "<group>"; };
		7E7A62AB2280089500F12F8C /* HWAlertView.m */ = {isa = PBXFileReference; lastKnownFileType = sourcecode.c.objc; path = HWAlertView.m; sourceTree = "<group>"; };
		7E7A62AE22803DBB00F12F8C /* HWStackedGroupViewController.h */ = {isa = PBXFileReference; lastKnownFileType = sourcecode.c.h; path = HWStackedGroupViewController.h; sourceTree = "<group>"; };
		7E7A62AF22803DBB00F12F8C /* HWStackedGroupViewController.m */ = {isa = PBXFileReference; lastKnownFileType = sourcecode.c.objc; path = HWStackedGroupViewController.m; sourceTree = "<group>"; };
		7E7A62B122804C2D00F12F8C /* HWColorDetailViewController.h */ = {isa = PBXFileReference; lastKnownFileType = sourcecode.c.h; path = HWColorDetailViewController.h; sourceTree = "<group>"; };
		7E7A62B222804C2D00F12F8C /* HWColorDetailViewController.m */ = {isa = PBXFileReference; lastKnownFileType = sourcecode.c.objc; path = HWColorDetailViewController.m; sourceTree = "<group>"; };
		7E7A62B52280503A00F12F8C /* HWUserGroupViewController.h */ = {isa = PBXFileReference; lastKnownFileType = sourcecode.c.h; path = HWUserGroupViewController.h; sourceTree = "<group>"; };
		7E7A62B62280503A00F12F8C /* HWUserGroupViewController.m */ = {isa = PBXFileReference; lastKnownFileType = sourcecode.c.objc; path = HWUserGroupViewController.m; sourceTree = "<group>"; };
		7E7A62B82280505B00F12F8C /* HWNavViewController.h */ = {isa = PBXFileReference; lastKnownFileType = sourcecode.c.h; path = HWNavViewController.h; sourceTree = "<group>"; };
		7E7A62B92280505B00F12F8C /* HWNavViewController.m */ = {isa = PBXFileReference; lastKnownFileType = sourcecode.c.objc; path = HWNavViewController.m; sourceTree = "<group>"; };
		7EDE0B5722894243001E7580 /* HWFullScreenNavController.h */ = {isa = PBXFileReference; lastKnownFileType = sourcecode.c.h; path = HWFullScreenNavController.h; sourceTree = "<group>"; };
		7EDE0B5822894243001E7580 /* HWFullScreenNavController.m */ = {isa = PBXFileReference; lastKnownFileType = sourcecode.c.objc; path = HWFullScreenNavController.m; sourceTree = "<group>"; };
		7EF8D546227ECAA70093F1B3 /* HWBaseViewController.m */ = {isa = PBXFileReference; fileEncoding = 4; lastKnownFileType = sourcecode.c.objc; path = HWBaseViewController.m; sourceTree = "<group>"; };
		7EF8D547227ECAA70093F1B3 /* HWGroupViewController.h */ = {isa = PBXFileReference; fileEncoding = 4; lastKnownFileType = sourcecode.c.h; path = HWGroupViewController.h; sourceTree = "<group>"; };
		7EF8D549227ECAA70093F1B3 /* HWColorCell.m */ = {isa = PBXFileReference; fileEncoding = 4; lastKnownFileType = sourcecode.c.objc; path = HWColorCell.m; sourceTree = "<group>"; };
		7EF8D54A227ECAA70093F1B3 /* HWColorCell.h */ = {isa = PBXFileReference; fileEncoding = 4; lastKnownFileType = sourcecode.c.h; path = HWColorCell.h; sourceTree = "<group>"; };
		7EF8D54B227ECAA70093F1B3 /* HWBaseViewController.h */ = {isa = PBXFileReference; fileEncoding = 4; lastKnownFileType = sourcecode.c.h; path = HWBaseViewController.h; sourceTree = "<group>"; };
		7EF8D54C227ECAA70093F1B3 /* HWGroupViewController.m */ = {isa = PBXFileReference; fileEncoding = 4; lastKnownFileType = sourcecode.c.objc; path = HWGroupViewController.m; sourceTree = "<group>"; };
		873B8AEA1B1F5CCA007FD442 /* Main.storyboard */ = {isa = PBXFileReference; fileEncoding = 4; lastKnownFileType = file.storyboard; name = Main.storyboard; path = Base.lproj/Main.storyboard; sourceTree = "<group>"; };
		9BBA4C9C5928AB1AC2CBF965 /* Pods-HWPanModal_Example.release.xcconfig */ = {isa = PBXFileReference; includeInIndex = 1; lastKnownFileType = text.xcconfig; name = "Pods-HWPanModal_Example.release.xcconfig"; path = "Pods/Target Support Files/Pods-HWPanModal_Example/Pods-HWPanModal_Example.release.xcconfig"; sourceTree = "<group>"; };
		A582E67BDFE79DED5D3EEA42 /* Pods_HWPanModal_Example.framework */ = {isa = PBXFileReference; explicitFileType = wrapper.framework; includeInIndex = 0; path = Pods_HWPanModal_Example.framework; sourceTree = BUILT_PRODUCTS_DIR; };
		CDDCB77B16D43A657DDB4E18 /* README.md */ = {isa = PBXFileReference; includeInIndex = 1; lastKnownFileType = net.daringfireball.markdown; name = README.md; path = ../README.md; sourceTree = "<group>"; };
		EBAF4783CAD32F3AF56EE754 /* Pods-HWPanModal_Tests.debug.xcconfig */ = {isa = PBXFileReference; includeInIndex = 1; lastKnownFileType = text.xcconfig; name = "Pods-HWPanModal_Tests.debug.xcconfig"; path = "Pods/Target Support Files/Pods-HWPanModal_Tests/Pods-HWPanModal_Tests.debug.xcconfig"; sourceTree = "<group>"; };
		F0FF5C6835E2F891655D5002 /* LICENSE */ = {isa = PBXFileReference; includeInIndex = 1; lastKnownFileType = text; name = LICENSE; path = ../LICENSE; sourceTree = "<group>"; };
/* End PBXFileReference section */

/* Begin PBXFrameworksBuildPhase section */
		6003F587195388D20070C39A /* Frameworks */ = {
			isa = PBXFrameworksBuildPhase;
			buildActionMask = 2147483647;
			files = (
				6003F590195388D20070C39A /* CoreGraphics.framework in Frameworks */,
				6003F592195388D20070C39A /* UIKit.framework in Frameworks */,
				6003F58E195388D20070C39A /* Foundation.framework in Frameworks */,
				7E63BBC0394068D5944AA619 /* Pods_HWPanModal_Example.framework in Frameworks */,
			);
			runOnlyForDeploymentPostprocessing = 0;
		};
		6003F5AB195388D20070C39A /* Frameworks */ = {
			isa = PBXFrameworksBuildPhase;
			buildActionMask = 2147483647;
			files = (
				6003F5B0195388D20070C39A /* XCTest.framework in Frameworks */,
				6003F5B2195388D20070C39A /* UIKit.framework in Frameworks */,
				6003F5B1195388D20070C39A /* Foundation.framework in Frameworks */,
				99F12257D88E310EED39DB32 /* Pods_HWPanModal_Tests.framework in Frameworks */,
			);
			runOnlyForDeploymentPostprocessing = 0;
		};
/* End PBXFrameworksBuildPhase section */

/* Begin PBXGroup section */
		6003F581195388D10070C39A = {
			isa = PBXGroup;
			children = (
				60FF7A9C1954A5C5007DD14C /* Podspec Metadata */,
				6003F593195388D20070C39A /* Example for HWPanModal */,
				6003F5B5195388D20070C39A /* Tests */,
				6003F58C195388D20070C39A /* Frameworks */,
				6003F58B195388D20070C39A /* Products */,
				84614D1ED9BCFAEE5532E6DF /* Pods */,
			);
			sourceTree = "<group>";
		};
		6003F58B195388D20070C39A /* Products */ = {
			isa = PBXGroup;
			children = (
				6003F58A195388D20070C39A /* HWPanModal_Example.app */,
				6003F5AE195388D20070C39A /* HWPanModal_Tests.xctest */,
			);
			name = Products;
			sourceTree = "<group>";
		};
		6003F58C195388D20070C39A /* Frameworks */ = {
			isa = PBXGroup;
			children = (
				6003F58D195388D20070C39A /* Foundation.framework */,
				6003F58F195388D20070C39A /* CoreGraphics.framework */,
				6003F591195388D20070C39A /* UIKit.framework */,
				6003F5AF195388D20070C39A /* XCTest.framework */,
				A582E67BDFE79DED5D3EEA42 /* Pods_HWPanModal_Example.framework */,
				44203A5E0B1E07D70F8BE38D /* Pods_HWPanModal_Tests.framework */,
			);
			name = Frameworks;
			sourceTree = "<group>";
		};
		6003F593195388D20070C39A /* Example for HWPanModal */ = {
			isa = PBXGroup;
			children = (
				7E7A629F227FD5DC00F12F8C /* Model */,
				7EF8D545227ECAA70093F1B3 /* PanController */,
				6003F59C195388D20070C39A /* HWAppDelegate.h */,
				6003F59D195388D20070C39A /* HWAppDelegate.m */,
				873B8AEA1B1F5CCA007FD442 /* Main.storyboard */,
				6003F5A5195388D20070C39A /* HWViewController.h */,
				6003F5A6195388D20070C39A /* HWViewController.m */,
				71719F9D1E33DC2100824A3D /* LaunchScreen.storyboard */,
				6003F5A8195388D20070C39A /* Images.xcassets */,
				6003F594195388D20070C39A /* Supporting Files */,
			);
			name = "Example for HWPanModal";
			path = HWPanModal;
			sourceTree = "<group>";
		};
		6003F594195388D20070C39A /* Supporting Files */ = {
			isa = PBXGroup;
			children = (
				6003F595195388D20070C39A /* HWPanModal-Info.plist */,
				6003F596195388D20070C39A /* InfoPlist.strings */,
				6003F599195388D20070C39A /* main.m */,
				6003F59B195388D20070C39A /* HWPanModal-Prefix.pch */,
			);
			name = "Supporting Files";
			sourceTree = "<group>";
		};
		6003F5B5195388D20070C39A /* Tests */ = {
			isa = PBXGroup;
			children = (
				6003F5BB195388D20070C39A /* Tests.m */,
				6003F5B6195388D20070C39A /* Supporting Files */,
			);
			path = Tests;
			sourceTree = "<group>";
		};
		6003F5B6195388D20070C39A /* Supporting Files */ = {
			isa = PBXGroup;
			children = (
				6003F5B7195388D20070C39A /* Tests-Info.plist */,
				6003F5B8195388D20070C39A /* InfoPlist.strings */,
				606FC2411953D9B200FFA9A0 /* Tests-Prefix.pch */,
			);
			name = "Supporting Files";
			sourceTree = "<group>";
		};
		60FF7A9C1954A5C5007DD14C /* Podspec Metadata */ = {
			isa = PBXGroup;
			children = (
				51D97FA214ED9F8BBEED0F29 /* HWPanModal.podspec */,
				CDDCB77B16D43A657DDB4E18 /* README.md */,
				F0FF5C6835E2F891655D5002 /* LICENSE */,
			);
			name = "Podspec Metadata";
			sourceTree = "<group>";
		};
		7E7A629F227FD5DC00F12F8C /* Model */ = {
			isa = PBXGroup;
			children = (
				7E7A62A0227FD62400F12F8C /* HWDemoTypeModel.h */,
				7E7A62A1227FD62400F12F8C /* HWDemoTypeModel.m */,
			);
			path = Model;
			sourceTree = "<group>";
		};
		7E7A62A3228007AA00F12F8C /* Alert */ = {
			isa = PBXGroup;
			children = (
				7E7A62A4228007BE00F12F8C /* HWAlertViewController.h */,
				7E7A62A5228007BE00F12F8C /* HWAlertViewController.m */,
				7E7A62A72280080800F12F8C /* HWTransientAlertViewController.h */,
				7E7A62A82280080800F12F8C /* HWTransientAlertViewController.m */,
				7E7A62AA2280089500F12F8C /* HWAlertView.h */,
				7E7A62AB2280089500F12F8C /* HWAlertView.m */,
			);
			path = Alert;
			sourceTree = "<group>";
		};
		7E7A62AD22803D6A00F12F8C /* Stacked */ = {
			isa = PBXGroup;
			children = (
				7E7A62AE22803DBB00F12F8C /* HWStackedGroupViewController.h */,
				7E7A62AF22803DBB00F12F8C /* HWStackedGroupViewController.m */,
				7E7A62B122804C2D00F12F8C /* HWColorDetailViewController.h */,
				7E7A62B222804C2D00F12F8C /* HWColorDetailViewController.m */,
			);
			path = Stacked;
			sourceTree = "<group>";
		};
		7E7A62B422804DDB00F12F8C /* Navigation */ = {
			isa = PBXGroup;
			children = (
				7E7A62B52280503A00F12F8C /* HWUserGroupViewController.h */,
				7E7A62B62280503A00F12F8C /* HWUserGroupViewController.m */,
				7E7A62B82280505B00F12F8C /* HWNavViewController.h */,
				7E7A62B92280505B00F12F8C /* HWNavViewController.m */,
			);
			path = Navigation;
			sourceTree = "<group>";
		};
		7EDE0B5622894211001E7580 /* FullScreen */ = {
			isa = PBXGroup;
			children = (
				7EDE0B5722894243001E7580 /* HWFullScreenNavController.h */,
				7EDE0B5822894243001E7580 /* HWFullScreenNavController.m */,
			);
			path = FullScreen;
			sourceTree = "<group>";
		};
		7EF8D545227ECAA70093F1B3 /* PanController */ = {
			isa = PBXGroup;
			children = (
				7EDE0B5622894211001E7580 /* FullScreen */,
				7E7A62B422804DDB00F12F8C /* Navigation */,
				7E7A62AD22803D6A00F12F8C /* Stacked */,
				7E7A62A3228007AA00F12F8C /* Alert */,
				7EF8D54B227ECAA70093F1B3 /* HWBaseViewController.h */,
				7EF8D546227ECAA70093F1B3 /* HWBaseViewController.m */,
				7EF8D547227ECAA70093F1B3 /* HWGroupViewController.h */,
				7EF8D54C227ECAA70093F1B3 /* HWGroupViewController.m */,
				7EF8D548227ECAA70093F1B3 /* View */,
			);
			path = PanController;
			sourceTree = "<group>";
		};
		7EF8D548227ECAA70093F1B3 /* View */ = {
			isa = PBXGroup;
			children = (
				7EF8D54A227ECAA70093F1B3 /* HWColorCell.h */,
				7EF8D549227ECAA70093F1B3 /* HWColorCell.m */,
			);
			path = View;
			sourceTree = "<group>";
		};
		84614D1ED9BCFAEE5532E6DF /* Pods */ = {
			isa = PBXGroup;
			children = (
				2FE71736D8F603D51C5EADF7 /* Pods-HWPanModal_Example.debug.xcconfig */,
				9BBA4C9C5928AB1AC2CBF965 /* Pods-HWPanModal_Example.release.xcconfig */,
				EBAF4783CAD32F3AF56EE754 /* Pods-HWPanModal_Tests.debug.xcconfig */,
				6FF2112F2DB6E7E18F8EE103 /* Pods-HWPanModal_Tests.release.xcconfig */,
			);
			name = Pods;
			sourceTree = "<group>";
		};
/* End PBXGroup section */

/* Begin PBXNativeTarget section */
		6003F589195388D20070C39A /* HWPanModal_Example */ = {
			isa = PBXNativeTarget;
			buildConfigurationList = 6003F5BF195388D20070C39A /* Build configuration list for PBXNativeTarget "HWPanModal_Example" */;
			buildPhases = (
				A7F36A4AB4F162D1A6012B4C /* [CP] Check Pods Manifest.lock */,
				6003F586195388D20070C39A /* Sources */,
				6003F587195388D20070C39A /* Frameworks */,
				6003F588195388D20070C39A /* Resources */,
				5E70F75CECC9C02B0B693D8C /* [CP] Embed Pods Frameworks */,
			);
			buildRules = (
			);
			dependencies = (
			);
			name = HWPanModal_Example;
			productName = HWPanModal;
			productReference = 6003F58A195388D20070C39A /* HWPanModal_Example.app */;
			productType = "com.apple.product-type.application";
		};
		6003F5AD195388D20070C39A /* HWPanModal_Tests */ = {
			isa = PBXNativeTarget;
			buildConfigurationList = 6003F5C2195388D20070C39A /* Build configuration list for PBXNativeTarget "HWPanModal_Tests" */;
			buildPhases = (
				0542402A375A928A7B4FA434 /* [CP] Check Pods Manifest.lock */,
				6003F5AA195388D20070C39A /* Sources */,
				6003F5AB195388D20070C39A /* Frameworks */,
				6003F5AC195388D20070C39A /* Resources */,
			);
			buildRules = (
			);
			dependencies = (
				6003F5B4195388D20070C39A /* PBXTargetDependency */,
			);
			name = HWPanModal_Tests;
			productName = HWPanModalTests;
			productReference = 6003F5AE195388D20070C39A /* HWPanModal_Tests.xctest */;
			productType = "com.apple.product-type.bundle.unit-test";
		};
/* End PBXNativeTarget section */

/* Begin PBXProject section */
		6003F582195388D10070C39A /* Project object */ = {
			isa = PBXProject;
			attributes = {
				CLASSPREFIX = HW;
				LastUpgradeCheck = 0720;
				ORGANIZATIONNAME = wangcongling;
				TargetAttributes = {
					6003F5AD195388D20070C39A = {
						TestTargetID = 6003F589195388D20070C39A;
					};
				};
			};
			buildConfigurationList = 6003F585195388D10070C39A /* Build configuration list for PBXProject "HWPanModal" */;
			compatibilityVersion = "Xcode 3.2";
			developmentRegion = English;
			hasScannedForEncodings = 0;
			knownRegions = (
				English,
				en,
				Base,
			);
			mainGroup = 6003F581195388D10070C39A;
			productRefGroup = 6003F58B195388D20070C39A /* Products */;
			projectDirPath = "";
			projectRoot = "";
			targets = (
				6003F589195388D20070C39A /* HWPanModal_Example */,
				6003F5AD195388D20070C39A /* HWPanModal_Tests */,
			);
		};
/* End PBXProject section */

/* Begin PBXResourcesBuildPhase section */
		6003F588195388D20070C39A /* Resources */ = {
			isa = PBXResourcesBuildPhase;
			buildActionMask = 2147483647;
			files = (
				873B8AEB1B1F5CCA007FD442 /* Main.storyboard in Resources */,
				71719F9F1E33DC2100824A3D /* LaunchScreen.storyboard in Resources */,
				6003F5A9195388D20070C39A /* Images.xcassets in Resources */,
				6003F598195388D20070C39A /* InfoPlist.strings in Resources */,
			);
			runOnlyForDeploymentPostprocessing = 0;
		};
		6003F5AC195388D20070C39A /* Resources */ = {
			isa = PBXResourcesBuildPhase;
			buildActionMask = 2147483647;
			files = (
				6003F5BA195388D20070C39A /* InfoPlist.strings in Resources */,
			);
			runOnlyForDeploymentPostprocessing = 0;
		};
/* End PBXResourcesBuildPhase section */

/* Begin PBXShellScriptBuildPhase section */
		0542402A375A928A7B4FA434 /* [CP] Check Pods Manifest.lock */ = {
			isa = PBXShellScriptBuildPhase;
			buildActionMask = 2147483647;
			files = (
			);
			inputFileListPaths = (
			);
			inputPaths = (
				"${PODS_PODFILE_DIR_PATH}/Podfile.lock",
				"${PODS_ROOT}/Manifest.lock",
			);
			name = "[CP] Check Pods Manifest.lock";
			outputFileListPaths = (
			);
			outputPaths = (
				"$(DERIVED_FILE_DIR)/Pods-HWPanModal_Tests-checkManifestLockResult.txt",
			);
			runOnlyForDeploymentPostprocessing = 0;
			shellPath = /bin/sh;
			shellScript = "diff \"${PODS_PODFILE_DIR_PATH}/Podfile.lock\" \"${PODS_ROOT}/Manifest.lock\" > /dev/null\nif [ $? != 0 ] ; then\n    # print error to STDERR\n    echo \"error: The sandbox is not in sync with the Podfile.lock. Run 'pod install' or update your CocoaPods installation.\" >&2\n    exit 1\nfi\n# This output is used by Xcode 'outputs' to avoid re-running this script phase.\necho \"SUCCESS\" > \"${SCRIPT_OUTPUT_FILE_0}\"\n";
			showEnvVarsInLog = 0;
		};
		5E70F75CECC9C02B0B693D8C /* [CP] Embed Pods Frameworks */ = {
			isa = PBXShellScriptBuildPhase;
			buildActionMask = 2147483647;
			files = (
			);
			inputFileListPaths = (
			);
			inputPaths = (
				"${PODS_ROOT}/Target Support Files/Pods-HWPanModal_Example/Pods-HWPanModal_Example-frameworks.sh",
				"${BUILT_PRODUCTS_DIR}/HWPanModal/HWPanModal.framework",
				"${BUILT_PRODUCTS_DIR}/KVOController/KVOController.framework",
				"${BUILT_PRODUCTS_DIR}/Masonry/Masonry.framework",
			);
			name = "[CP] Embed Pods Frameworks";
			outputFileListPaths = (
			);
			outputPaths = (
				"${TARGET_BUILD_DIR}/${FRAMEWORKS_FOLDER_PATH}/HWPanModal.framework",
				"${TARGET_BUILD_DIR}/${FRAMEWORKS_FOLDER_PATH}/KVOController.framework",
				"${TARGET_BUILD_DIR}/${FRAMEWORKS_FOLDER_PATH}/Masonry.framework",
			);
			runOnlyForDeploymentPostprocessing = 0;
			shellPath = /bin/sh;
			shellScript = "\"${PODS_ROOT}/Target Support Files/Pods-HWPanModal_Example/Pods-HWPanModal_Example-frameworks.sh\"\n";
			showEnvVarsInLog = 0;
		};
		A7F36A4AB4F162D1A6012B4C /* [CP] Check Pods Manifest.lock */ = {
			isa = PBXShellScriptBuildPhase;
			buildActionMask = 2147483647;
			files = (
			);
			inputFileListPaths = (
			);
			inputPaths = (
				"${PODS_PODFILE_DIR_PATH}/Podfile.lock",
				"${PODS_ROOT}/Manifest.lock",
			);
			name = "[CP] Check Pods Manifest.lock";
			outputFileListPaths = (
			);
			outputPaths = (
				"$(DERIVED_FILE_DIR)/Pods-HWPanModal_Example-checkManifestLockResult.txt",
			);
			runOnlyForDeploymentPostprocessing = 0;
			shellPath = /bin/sh;
			shellScript = "diff \"${PODS_PODFILE_DIR_PATH}/Podfile.lock\" \"${PODS_ROOT}/Manifest.lock\" > /dev/null\nif [ $? != 0 ] ; then\n    # print error to STDERR\n    echo \"error: The sandbox is not in sync with the Podfile.lock. Run 'pod install' or update your CocoaPods installation.\" >&2\n    exit 1\nfi\n# This output is used by Xcode 'outputs' to avoid re-running this script phase.\necho \"SUCCESS\" > \"${SCRIPT_OUTPUT_FILE_0}\"\n";
			showEnvVarsInLog = 0;
		};
/* End PBXShellScriptBuildPhase section */

/* Begin PBXSourcesBuildPhase section */
		6003F586195388D20070C39A /* Sources */ = {
			isa = PBXSourcesBuildPhase;
			buildActionMask = 2147483647;
			files = (
				7E7A62A6228007BE00F12F8C /* HWAlertViewController.m in Sources */,
				6003F59E195388D20070C39A /* HWAppDelegate.m in Sources */,
				7E7A62B72280503A00F12F8C /* HWUserGroupViewController.m in Sources */,
				7E7A62BA2280505B00F12F8C /* HWNavViewController.m in Sources */,
				7EF8D54F227ECAA70093F1B3 /* HWGroupViewController.m in Sources */,
				6003F5A7195388D20070C39A /* HWViewController.m in Sources */,
				7E7A62B322804C2D00F12F8C /* HWColorDetailViewController.m in Sources */,
				7EDE0B5922894244001E7580 /* HWFullScreenNavController.m in Sources */,
				7E7A62AC2280089500F12F8C /* HWAlertView.m in Sources */,
				7E7A62A2227FD62400F12F8C /* HWDemoTypeModel.m in Sources */,
				7EF8D54E227ECAA70093F1B3 /* HWColorCell.m in Sources */,
				7E7A62A92280080800F12F8C /* HWTransientAlertViewController.m in Sources */,
				7E7A62B022803DBB00F12F8C /* HWStackedGroupViewController.m in Sources */,
				7EF8D54D227ECAA70093F1B3 /* HWBaseViewController.m in Sources */,
				6003F59A195388D20070C39A /* main.m in Sources */,
			);
			runOnlyForDeploymentPostprocessing = 0;
		};
		6003F5AA195388D20070C39A /* Sources */ = {
			isa = PBXSourcesBuildPhase;
			buildActionMask = 2147483647;
			files = (
				6003F5BC195388D20070C39A /* Tests.m in Sources */,
			);
			runOnlyForDeploymentPostprocessing = 0;
		};
/* End PBXSourcesBuildPhase section */

/* Begin PBXTargetDependency section */
		6003F5B4195388D20070C39A /* PBXTargetDependency */ = {
			isa = PBXTargetDependency;
			target = 6003F589195388D20070C39A /* HWPanModal_Example */;
			targetProxy = 6003F5B3195388D20070C39A /* PBXContainerItemProxy */;
		};
/* End PBXTargetDependency section */

/* Begin PBXVariantGroup section */
		6003F596195388D20070C39A /* InfoPlist.strings */ = {
			isa = PBXVariantGroup;
			children = (
				6003F597195388D20070C39A /* en */,
			);
			name = InfoPlist.strings;
			sourceTree = "<group>";
		};
		6003F5B8195388D20070C39A /* InfoPlist.strings */ = {
			isa = PBXVariantGroup;
			children = (
				6003F5B9195388D20070C39A /* en */,
			);
			name = InfoPlist.strings;
			sourceTree = "<group>";
		};
		71719F9D1E33DC2100824A3D /* LaunchScreen.storyboard */ = {
			isa = PBXVariantGroup;
			children = (
				71719F9E1E33DC2100824A3D /* Base */,
			);
			name = LaunchScreen.storyboard;
			sourceTree = "<group>";
		};
/* End PBXVariantGroup section */

/* Begin XCBuildConfiguration section */
		6003F5BD195388D20070C39A /* Debug */ = {
			isa = XCBuildConfiguration;
			buildSettings = {
				ALWAYS_SEARCH_USER_PATHS = NO;
				CLANG_CXX_LANGUAGE_STANDARD = "gnu++0x";
				CLANG_CXX_LIBRARY = "libc++";
				CLANG_ENABLE_MODULES = YES;
				CLANG_ENABLE_OBJC_ARC = YES;
				CLANG_WARN_BOOL_CONVERSION = YES;
				CLANG_WARN_CONSTANT_CONVERSION = YES;
				CLANG_WARN_DIRECT_OBJC_ISA_USAGE = YES_ERROR;
				CLANG_WARN_EMPTY_BODY = YES;
				CLANG_WARN_ENUM_CONVERSION = YES;
				CLANG_WARN_INT_CONVERSION = YES;
				CLANG_WARN_OBJC_ROOT_CLASS = YES_ERROR;
				CLANG_WARN__DUPLICATE_METHOD_MATCH = YES;
				"CODE_SIGN_IDENTITY[sdk=iphoneos*]" = "iPhone Developer";
				COPY_PHASE_STRIP = NO;
				ENABLE_TESTABILITY = YES;
				GCC_C_LANGUAGE_STANDARD = gnu99;
				GCC_DYNAMIC_NO_PIC = NO;
				GCC_OPTIMIZATION_LEVEL = 0;
				GCC_PREPROCESSOR_DEFINITIONS = (
					"DEBUG=1",
					"$(inherited)",
				);
				GCC_SYMBOLS_PRIVATE_EXTERN = NO;
				GCC_WARN_64_TO_32_BIT_CONVERSION = YES;
				GCC_WARN_ABOUT_RETURN_TYPE = YES_ERROR;
				GCC_WARN_UNDECLARED_SELECTOR = YES;
				GCC_WARN_UNINITIALIZED_AUTOS = YES_AGGRESSIVE;
				GCC_WARN_UNUSED_FUNCTION = YES;
				GCC_WARN_UNUSED_VARIABLE = YES;
				IPHONEOS_DEPLOYMENT_TARGET = 9.3;
				ONLY_ACTIVE_ARCH = YES;
				SDKROOT = iphoneos;
				TARGETED_DEVICE_FAMILY = "1,2";
			};
			name = Debug;
		};
		6003F5BE195388D20070C39A /* Release */ = {
			isa = XCBuildConfiguration;
			buildSettings = {
				ALWAYS_SEARCH_USER_PATHS = NO;
				CLANG_CXX_LANGUAGE_STANDARD = "gnu++0x";
				CLANG_CXX_LIBRARY = "libc++";
				CLANG_ENABLE_MODULES = YES;
				CLANG_ENABLE_OBJC_ARC = YES;
				CLANG_WARN_BOOL_CONVERSION = YES;
				CLANG_WARN_CONSTANT_CONVERSION = YES;
				CLANG_WARN_DIRECT_OBJC_ISA_USAGE = YES_ERROR;
				CLANG_WARN_EMPTY_BODY = YES;
				CLANG_WARN_ENUM_CONVERSION = YES;
				CLANG_WARN_INT_CONVERSION = YES;
				CLANG_WARN_OBJC_ROOT_CLASS = YES_ERROR;
				CLANG_WARN__DUPLICATE_METHOD_MATCH = YES;
				"CODE_SIGN_IDENTITY[sdk=iphoneos*]" = "iPhone Developer";
				COPY_PHASE_STRIP = YES;
				ENABLE_NS_ASSERTIONS = NO;
				GCC_C_LANGUAGE_STANDARD = gnu99;
				GCC_WARN_64_TO_32_BIT_CONVERSION = YES;
				GCC_WARN_ABOUT_RETURN_TYPE = YES_ERROR;
				GCC_WARN_UNDECLARED_SELECTOR = YES;
				GCC_WARN_UNINITIALIZED_AUTOS = YES_AGGRESSIVE;
				GCC_WARN_UNUSED_FUNCTION = YES;
				GCC_WARN_UNUSED_VARIABLE = YES;
				IPHONEOS_DEPLOYMENT_TARGET = 9.3;
				SDKROOT = iphoneos;
				TARGETED_DEVICE_FAMILY = "1,2";
				VALIDATE_PRODUCT = YES;
			};
			name = Release;
		};
		6003F5C0195388D20070C39A /* Debug */ = {
			isa = XCBuildConfiguration;
			baseConfigurationReference = 2FE71736D8F603D51C5EADF7 /* Pods-HWPanModal_Example.debug.xcconfig */;
			buildSettings = {
				ASSETCATALOG_COMPILER_APPICON_NAME = AppIcon;
				GCC_PRECOMPILE_PREFIX_HEADER = YES;
				GCC_PREFIX_HEADER = "HWPanModal/HWPanModal-Prefix.pch";
				INFOPLIST_FILE = "HWPanModal/HWPanModal-Info.plist";
				IPHONEOS_DEPLOYMENT_TARGET = 8.0;
				MODULE_NAME = ExampleApp;
				PRODUCT_BUNDLE_IDENTIFIER = "org.cocoapods.demo.${PRODUCT_NAME:rfc1034identifier}";
				PRODUCT_NAME = "$(TARGET_NAME)";
				WRAPPER_EXTENSION = app;
			};
			name = Debug;
		};
		6003F5C1195388D20070C39A /* Release */ = {
			isa = XCBuildConfiguration;
			baseConfigurationReference = 9BBA4C9C5928AB1AC2CBF965 /* Pods-HWPanModal_Example.release.xcconfig */;
			buildSettings = {
				ASSETCATALOG_COMPILER_APPICON_NAME = AppIcon;
				GCC_PRECOMPILE_PREFIX_HEADER = YES;
				GCC_PREFIX_HEADER = "HWPanModal/HWPanModal-Prefix.pch";
				INFOPLIST_FILE = "HWPanModal/HWPanModal-Info.plist";
				IPHONEOS_DEPLOYMENT_TARGET = 8.0;
				MODULE_NAME = ExampleApp;
				PRODUCT_BUNDLE_IDENTIFIER = "org.cocoapods.demo.${PRODUCT_NAME:rfc1034identifier}";
				PRODUCT_NAME = "$(TARGET_NAME)";
				WRAPPER_EXTENSION = app;
			};
			name = Release;
		};
		6003F5C3195388D20070C39A /* Debug */ = {
			isa = XCBuildConfiguration;
			baseConfigurationReference = EBAF4783CAD32F3AF56EE754 /* Pods-HWPanModal_Tests.debug.xcconfig */;
			buildSettings = {
				BUNDLE_LOADER = "$(TEST_HOST)";
				FRAMEWORK_SEARCH_PATHS = (
					"$(SDKROOT)/Developer/Library/Frameworks",
					"$(inherited)",
					"$(DEVELOPER_FRAMEWORKS_DIR)",
				);
				GCC_PRECOMPILE_PREFIX_HEADER = YES;
				GCC_PREFIX_HEADER = "Tests/Tests-Prefix.pch";
				GCC_PREPROCESSOR_DEFINITIONS = (
					"DEBUG=1",
					"$(inherited)",
				);
				INFOPLIST_FILE = "Tests/Tests-Info.plist";
				PRODUCT_BUNDLE_IDENTIFIER = "org.cocoapods.demo.${PRODUCT_NAME:rfc1034identifier}";
				PRODUCT_NAME = "$(TARGET_NAME)";
				TEST_HOST = "$(BUILT_PRODUCTS_DIR)/HWPanModal_Example.app/HWPanModal_Example";
				WRAPPER_EXTENSION = xctest;
			};
			name = Debug;
		};
		6003F5C4195388D20070C39A /* Release */ = {
			isa = XCBuildConfiguration;
			baseConfigurationReference = 6FF2112F2DB6E7E18F8EE103 /* Pods-HWPanModal_Tests.release.xcconfig */;
			buildSettings = {
				BUNDLE_LOADER = "$(TEST_HOST)";
				FRAMEWORK_SEARCH_PATHS = (
					"$(SDKROOT)/Developer/Library/Frameworks",
					"$(inherited)",
					"$(DEVELOPER_FRAMEWORKS_DIR)",
				);
				GCC_PRECOMPILE_PREFIX_HEADER = YES;
				GCC_PREFIX_HEADER = "Tests/Tests-Prefix.pch";
				INFOPLIST_FILE = "Tests/Tests-Info.plist";
				PRODUCT_BUNDLE_IDENTIFIER = "org.cocoapods.demo.${PRODUCT_NAME:rfc1034identifier}";
				PRODUCT_NAME = "$(TARGET_NAME)";
				TEST_HOST = "$(BUILT_PRODUCTS_DIR)/HWPanModal_Example.app/HWPanModal_Example";
				WRAPPER_EXTENSION = xctest;
			};
			name = Release;
		};
/* End XCBuildConfiguration section */

/* Begin XCConfigurationList section */
		6003F585195388D10070C39A /* Build configuration list for PBXProject "HWPanModal" */ = {
			isa = XCConfigurationList;
			buildConfigurations = (
				6003F5BD195388D20070C39A /* Debug */,
				6003F5BE195388D20070C39A /* Release */,
			);
			defaultConfigurationIsVisible = 0;
			defaultConfigurationName = Release;
		};
		6003F5BF195388D20070C39A /* Build configuration list for PBXNativeTarget "HWPanModal_Example" */ = {
			isa = XCConfigurationList;
			buildConfigurations = (
				6003F5C0195388D20070C39A /* Debug */,
				6003F5C1195388D20070C39A /* Release */,
			);
			defaultConfigurationIsVisible = 0;
			defaultConfigurationName = Release;
		};
		6003F5C2195388D20070C39A /* Build configuration list for PBXNativeTarget "HWPanModal_Tests" */ = {
			isa = XCConfigurationList;
			buildConfigurations = (
				6003F5C3195388D20070C39A /* Debug */,
				6003F5C4195388D20070C39A /* Release */,
			);
			defaultConfigurationIsVisible = 0;
			defaultConfigurationName = Release;
		};
/* End XCConfigurationList section */
	};
	rootObject = 6003F582195388D10070C39A /* Project object */;
}
